
Microsoft Visual Studio Solution File, Format Version 12.00
# Visual Studio Version 17
VisualStudioVersion = 17.7.34018.315
MinimumVisualStudioVersion = 10.0.40219.1
Project("{FAE04EC0-301F-11D3-BF4B-00C04F79EFBC}") = "WineApp", "WineApp\WineApp.csproj", "{20822274-EB5F-4EF5-91DD-C544AB301D97}"
EndProject
Project("{FAE04EC0-301F-11D3-BF4B-00C04F79EFBC}") = "WineApp.Domain", "WineApp.Domain\WineApp.Domain.csproj", "{7D60A02F-C016-4D00-8DCD-0F8653E8D0CA}"
EndProject
Global
	GlobalSection(SolutionConfigurationPlatforms) = preSolution
		Debug|Any CPU = Debug|Any CPU
		Release|Any CPU = Release|Any CPU
	EndGlobalSection
	GlobalSection(ProjectConfigurationPlatforms) = postSolution
		{20822274-EB5F-4EF5-91DD-C544AB301D97}.Debug|Any CPU.ActiveCfg = Debug|Any CPU
		{20822274-EB5F-4EF5-91DD-C544AB301D97}.Debug|Any CPU.Build.0 = Debug|Any CPU
		{20822274-EB5F-4EF5-91DD-C544AB301D97}.Release|Any CPU.ActiveCfg = Release|Any CPU
		{20822274-EB5F-4EF5-91DD-C544AB301D97}.Release|Any CPU.Build.0 = Release|Any CPU
		{7D60A02F-C016-4D00-8DCD-0F8653E8D0CA}.Debug|Any CPU.ActiveCfg = Debug|Any CPU
		{7D60A02F-C016-4D00-8DCD-0F8653E8D0CA}.Debug|Any CPU.Build.0 = Debug|Any CPU
		{7D60A02F-C016-4D00-8DCD-0F8653E8D0CA}.Release|Any CPU.ActiveCfg = Release|Any CPU
		{7D60A02F-C016-4D00-8DCD-0F8653E8D0CA}.Release|Any CPU.Build.0 = Release|Any CPU
	EndGlobalSection
	GlobalSection(SolutionProperties) = preSolution
		HideSolutionNode = FALSE
	EndGlobalSection
	GlobalSection(ExtensibilityGlobals) = postSolution
		SolutionGuid = {26843B8B-EBCC-4CA6-BF17-B0AF0019D049}
	EndGlobalSection
EndGlobal
